
Microsoft Visual Studio Solution File, Format Version 12.00
# Visual Studio 15
VisualStudioVersion = 15.0.27428.2037
MinimumVisualStudioVersion = 10.0.40219.1
Project("{8BC9CEB8-8B4A-11D0-8D11-00A0C91BC942}") = "tcp_server_multi_thread", "tcp_server_multi_thread.vcxproj", "{870B10B6-729F-4066-BE3F-67F5D1796F48}"
EndProject
Global
	GlobalSection(SolutionConfigurationPlatforms) = preSolution
		Debug|x64 = Debug|x64
		Debug|x86 = Debug|x86
		Release|x64 = Release|x64
		Release|x86 = Release|x86
	EndGlobalSection
	GlobalSection(ProjectConfigurationPlatforms) = postSolution
		{870B10B6-729F-4066-BE3F-67F5D1796F48}.Debug|x64.ActiveCfg = Debug|x64
		{870B10B6-729F-4066-BE3F-67F5D1796F48}.Debug|x64.Build.0 = Debug|x64
		{870B10B6-729F-4066-BE3F-67F5D1796F48}.Debug|x86.ActiveCfg = Debug|Win32
		{870B10B6-729F-4066-BE3F-67F5D1796F48}.Debug|x86.Build.0 = Debug|Win32
		{870B10B6-729F-4066-BE3F-67F5D1796F48}.Release|x64.ActiveCfg = Release|x64
		{870B10B6-729F-4066-BE3F-67F5D1796F48}.Release|x64.Build.0 = Release|x64
		{870B10B6-729F-4066-BE3F-67F5D1796F48}.Release|x86.ActiveCfg = Release|Win32
		{870B10B6-729F-4066-BE3F-67F5D1796F48}.Release|x86.Build.0 = Release|Win32
	EndGlobalSection
	GlobalSection(SolutionProperties) = preSolution
		HideSolutionNode = FALSE
	EndGlobalSection
	GlobalSection(ExtensibilityGlobals) = postSolution
		SolutionGuid = {1A567A42-3342-402D-B3E7-0E382709CF6D}
	EndGlobalSection
EndGlobal
