<?xml version="1.0" encoding="utf-8"?>
<Project ToolsVersion="4.0" xmlns="http://schemas.microsoft.com/developer/msbuild/2003">
  <ItemGroup>
    <Filter Include="Source Files">
      <UniqueIdentifier>{4FC737F1-C7A5-4376-A066-2A32D752A2FF}</UniqueIdentifier>
      <Extensions>cpp;c;cc;cxx;def;odl;idl;hpj;bat;asm;asmx</Extensions>
    </Filter>
    <Filter Include="Header Files">
      <UniqueIdentifier>{93995380-89BD-4b04-88EB-625FBE52EBFB}</UniqueIdentifier>
      <Extensions>h;hh;hpp;hxx;hm;inl;inc;xsd</Extensions>
    </Filter>
  </ItemGroup>
  <ItemGroup>
    <ClCompile Include="main.cpp">
      <Filter>Source Files</Filter>
    </ClCompile>
  </ItemGroup>
  <ItemGroup>
    <ClInclude Include="..\..\inc\subevent.hpp">
      <Filter>Header Files</Filter>
    </ClInclude>
    <ClInclude Include="..\..\inc\subevent_core.hpp">
      <Filter>Header Files</Filter>
    </ClInclude>
    <ClInclude Include="..\..\inc\subevent_net.hpp">
      <Filter>Header Files</Filter>
    </ClInclude>
    <ClInclude Include="..\..\inc\subevent\common.hpp">
      <Filter>Header Files</Filter>
    </ClInclude>
    <ClInclude Include="..\..\inc\subevent\event.hpp">
      <Filter>Header Files</Filter>
    </ClInclude>
    <ClInclude Include="..\..\inc\subevent\event_controller.hpp">
      <Filter>Header Files</Filter>
    </ClInclude>
    <ClInclude Include="..\..\inc\subevent\event_loop.hpp">
      <Filter>Header Files</Filter>
    </ClInclude>
    <ClInclude Include="..\..\inc\subevent\semaphore.hpp">
      <Filter>Header Files</Filter>
    </ClInclude>
    <ClInclude Include="..\..\inc\subevent\socket.hpp">
      <Filter>Header Files</Filter>
    </ClInclude>
    <ClInclude Include="..\..\inc\subevent\socket_controller.hpp">
      <Filter>Header Files</Filter>
    </ClInclude>
    <ClInclude Include="..\..\inc\subevent\socket_selector.hpp">
      <Filter>Header Files</Filter>
    </ClInclude>
    <ClInclude Include="..\..\inc\subevent\std.hpp">
      <Filter>Header Files</Filter>
    </ClInclude>
    <ClInclude Include="..\..\inc\subevent\tcp.hpp">
      <Filter>Header Files</Filter>
    </ClInclude>
    <ClInclude Include="..\..\inc\subevent\thread.hpp">
      <Filter>Header Files</Filter>
    </ClInclude>
    <ClInclude Include="..\..\inc\subevent\timer.hpp">
      <Filter>Header Files</Filter>
    </ClInclude>
    <ClInclude Include="..\..\inc\subevent\timer_manager.hpp">
      <Filter>Header Files</Filter>
    </ClInclude>
    <ClInclude Include="..\..\inc\subevent\udp.hpp">
      <Filter>Header Files</Filter>
    </ClInclude>
    <ClInclude Include="..\..\inc\subevent\network.hpp">
      <Filter>Header Files</Filter>
    </ClInclude>
    <ClInclude Include="..\..\inc\subevent\application.hpp">
      <Filter>Header Files</Filter>
    </ClInclude>
    <ClInclude Include="..\..\inc\subevent\utility.hpp">
      <Filter>Header Files</Filter>
    </ClInclude>
  </ItemGroup>
  <ItemGroup>
    <None Include="..\..\inc\subevent_impl\event.inl">
      <Filter>Header Files</Filter>
    </None>
    <None Include="..\..\inc\subevent_impl\event_controller.inl">
      <Filter>Header Files</Filter>
    </None>
    <None Include="..\..\inc\subevent_impl\event_loop.inl">
      <Filter>Header Files</Filter>
    </None>
    <None Include="..\..\inc\subevent_impl\semaphore.inl">
      <Filter>Header Files</Filter>
    </None>
    <None Include="..\..\inc\subevent_impl\socket.inl">
      <Filter>Header Files</Filter>
    </None>
    <None Include="..\..\inc\subevent_impl\socket_controller.inl">
      <Filter>Header Files</Filter>
    </None>
    <None Include="..\..\inc\subevent_impl\socket_selector_linux.inl">
      <Filter>Header Files</Filter>
    </None>
    <None Include="..\..\inc\subevent_impl\socket_selector_win.inl">
      <Filter>Header Files</Filter>
    </None>
    <None Include="..\..\inc\subevent_impl\tcp.inl">
      <Filter>Header Files</Filter>
    </None>
    <None Include="..\..\inc\subevent_impl\thread.inl">
      <Filter>Header Files</Filter>
    </None>
    <None Include="..\..\inc\subevent_impl\timer.inl">
      <Filter>Header Files</Filter>
    </None>
    <None Include="..\..\inc\subevent_impl\timer_manager.inl">
      <Filter>Header Files</Filter>
    </None>
    <None Include="..\..\inc\subevent_impl\udp.inl">
      <Filter>Header Files</Filter>
    </None>
    <None Include="..\..\inc\subevent_impl\application.inl">
      <Filter>Header Files</Filter>
    </None>
    <None Include="..\..\inc\subevent_impl\network.inl">
      <Filter>Header Files</Filter>
    </None>
    <None Include="..\..\inc\subevent_impl\utility.inl">
      <Filter>Header Files</Filter>
    </None>
  </ItemGroup>
</Project>