
Microsoft Visual Studio Solution File, Format Version 12.00
# Visual Studio 15
VisualStudioVersion = 15.0.27428.2037
MinimumVisualStudioVersion = 10.0.40219.1
Project("{8BC9CEB8-8B4A-11D0-8D11-00A0C91BC942}") = "http_server_multi_thread", "http_server_multi_thread.vcxproj", "{94CAAB3A-5F6F-4E28-91F5-2E09207E1BC3}"
EndProject
Global
	GlobalSection(SolutionConfigurationPlatforms) = preSolution
		Debug|x64 = Debug|x64
		Debug|x86 = Debug|x86
		Release|x64 = Release|x64
		Release|x86 = Release|x86
	EndGlobalSection
	GlobalSection(ProjectConfigurationPlatforms) = postSolution
		{94CAAB3A-5F6F-4E28-91F5-2E09207E1BC3}.Debug|x64.ActiveCfg = Debug|x64
		{94CAAB3A-5F6F-4E28-91F5-2E09207E1BC3}.Debug|x64.Build.0 = Debug|x64
		{94CAAB3A-5F6F-4E28-91F5-2E09207E1BC3}.Debug|x86.ActiveCfg = Debug|Win32
		{94CAAB3A-5F6F-4E28-91F5-2E09207E1BC3}.Debug|x86.Build.0 = Debug|Win32
		{94CAAB3A-5F6F-4E28-91F5-2E09207E1BC3}.Release|x64.ActiveCfg = Release|x64
		{94CAAB3A-5F6F-4E28-91F5-2E09207E1BC3}.Release|x64.Build.0 = Release|x64
		{94CAAB3A-5F6F-4E28-91F5-2E09207E1BC3}.Release|x86.ActiveCfg = Release|Win32
		{94CAAB3A-5F6F-4E28-91F5-2E09207E1BC3}.Release|x86.Build.0 = Release|Win32
	EndGlobalSection
	GlobalSection(SolutionProperties) = preSolution
		HideSolutionNode = FALSE
	EndGlobalSection
	GlobalSection(ExtensibilityGlobals) = postSolution
		SolutionGuid = {0942B661-7734-4500-9166-10C9D57BEA71}
	EndGlobalSection
EndGlobal
