
Microsoft Visual Studio Solution File, Format Version 12.00
# Visual Studio 15
VisualStudioVersion = 15.0.27428.2037
MinimumVisualStudioVersion = 10.0.40219.1
Project("{8BC9CEB8-8B4A-11D0-8D11-00A0C91BC942}") = "http_client", "http_client.vcxproj", "{E3A6D728-610A-4E7D-8D56-97D67ED98099}"
EndProject
Global
	GlobalSection(SolutionConfigurationPlatforms) = preSolution
		Debug|x64 = Debug|x64
		Debug|x86 = Debug|x86
		Release|x64 = Release|x64
		Release|x86 = Release|x86
	EndGlobalSection
	GlobalSection(ProjectConfigurationPlatforms) = postSolution
		{E3A6D728-610A-4E7D-8D56-97D67ED98099}.Debug|x64.ActiveCfg = Debug|x64
		{E3A6D728-610A-4E7D-8D56-97D67ED98099}.Debug|x64.Build.0 = Debug|x64
		{E3A6D728-610A-4E7D-8D56-97D67ED98099}.Debug|x86.ActiveCfg = Debug|Win32
		{E3A6D728-610A-4E7D-8D56-97D67ED98099}.Debug|x86.Build.0 = Debug|Win32
		{E3A6D728-610A-4E7D-8D56-97D67ED98099}.Release|x64.ActiveCfg = Release|x64
		{E3A6D728-610A-4E7D-8D56-97D67ED98099}.Release|x64.Build.0 = Release|x64
		{E3A6D728-610A-4E7D-8D56-97D67ED98099}.Release|x86.ActiveCfg = Release|Win32
		{E3A6D728-610A-4E7D-8D56-97D67ED98099}.Release|x86.Build.0 = Release|Win32
	EndGlobalSection
	GlobalSection(SolutionProperties) = preSolution
		HideSolutionNode = FALSE
	EndGlobalSection
	GlobalSection(ExtensibilityGlobals) = postSolution
		SolutionGuid = {88D97358-F713-42E1-8CD8-7B477EC838E6}
	EndGlobalSection
EndGlobal
